
Microsoft Visual Studio Solution File, Format Version 12.00
# Visual Studio Version 16
VisualStudioVersion = 16.0.29709.97
MinimumVisualStudioVersion = 10.0.40219.1
Project("{FAE04EC0-301F-11D3-BF4B-00C04F79EFBC}") = "IterationStatement", "IterationStatement\IterationStatement.csproj", "{60232263-02B0-4488-A89A-84E9F9975414}"
EndProject
Global
	GlobalSection(SolutionConfigurationPlatforms) = preSolution
		Debug|Any CPU = Debug|Any CPU
		Release|Any CPU = Release|Any CPU
	EndGlobalSection
	GlobalSection(ProjectConfigurationPlatforms) = postSolution
		{60232263-02B0-4488-A89A-84E9F9975414}.Debug|Any CPU.ActiveCfg = Debug|Any CPU
		{60232263-02B0-4488-A89A-84E9F9975414}.Debug|Any CPU.Build.0 = Debug|Any CPU
		{60232263-02B0-4488-A89A-84E9F9975414}.Release|Any CPU.ActiveCfg = Release|Any CPU
		{60232263-02B0-4488-A89A-84E9F9975414}.Release|Any CPU.Build.0 = Release|Any CPU
	EndGlobalSection
	GlobalSection(SolutionProperties) = preSolution
		HideSolutionNode = FALSE
	EndGlobalSection
	GlobalSection(ExtensibilityGlobals) = postSolution
		SolutionGuid = {3A36544F-EFE5-45A5-8EB8-880D488DA4D1}
	EndGlobalSection
EndGlobal
